
Microsoft Visual Studio Solution File, Format Version 12.00
# Visual Studio 2012
Project("{FAE04EC0-301F-11D3-BF4B-00C04F79EFBC}") = "DMApiHelpers", "DmApiHelpers\DMApiHelpers.csproj", "{77B156F4-8A30-4FB0-BF72-4A8F187014BF}"
EndProject
Project("{FAE04EC0-301F-11D3-BF4B-00C04F79EFBC}") = "UnitTestDM", "UnitTestDM\UnitTestDM.csproj", "{2BA02239-127D-4594-AC4A-F1DAE2765C8A}"
EndProject
Global
	GlobalSection(SolutionConfigurationPlatforms) = preSolution
		Debug|Any CPU = Debug|Any CPU
		Release|Any CPU = Release|Any CPU
	EndGlobalSection
	GlobalSection(ProjectConfigurationPlatforms) = postSolution
		{77B156F4-8A30-4FB0-BF72-4A8F187014BF}.Debug|Any CPU.ActiveCfg = Debug|Any CPU
		{77B156F4-8A30-4FB0-BF72-4A8F187014BF}.Debug|Any CPU.Build.0 = Debug|Any CPU
		{77B156F4-8A30-4FB0-BF72-4A8F187014BF}.Release|Any CPU.ActiveCfg = Release|Any CPU
		{77B156F4-8A30-4FB0-BF72-4A8F187014BF}.Release|Any CPU.Build.0 = Release|Any CPU
		{2BA02239-127D-4594-AC4A-F1DAE2765C8A}.Debug|Any CPU.ActiveCfg = Debug|Any CPU
		{2BA02239-127D-4594-AC4A-F1DAE2765C8A}.Debug|Any CPU.Build.0 = Debug|Any CPU
		{2BA02239-127D-4594-AC4A-F1DAE2765C8A}.Release|Any CPU.ActiveCfg = Release|Any CPU
		{2BA02239-127D-4594-AC4A-F1DAE2765C8A}.Release|Any CPU.Build.0 = Release|Any CPU
	EndGlobalSection
	GlobalSection(SolutionProperties) = preSolution
		HideSolutionNode = FALSE
	EndGlobalSection
EndGlobal
